
Microsoft Visual Studio Solution File, Format Version 12.00
# Visual Studio Version 17
VisualStudioVersion = 17.8.34322.80
MinimumVisualStudioVersion = 10.0.40219.1
Project("{9A19103F-16F7-4668-BE54-9A1E7A4F7556}") = "Hackeru_Student_Teacher.ClientWPF", "Hackeru_Student_Teacher.ClientWPF\Hackeru_Student_Teacher.ClientWPF.csproj", "{104CA772-6EB3-4B66-9568-6A10515CE468}"
EndProject
Project("{9A19103F-16F7-4668-BE54-9A1E7A4F7556}") = "Hackeru_Student_Teacher.API", "Hackeru_Student_Teacher.API\Hackeru_Student_Teacher.API.csproj", "{D1CFE112-731F-4AFA-BE85-81708871F162}"
EndProject
Global
	GlobalSection(SolutionConfigurationPlatforms) = preSolution
		Debug|Any CPU = Debug|Any CPU
		Release|Any CPU = Release|Any CPU
	EndGlobalSection
	GlobalSection(ProjectConfigurationPlatforms) = postSolution
		{104CA772-6EB3-4B66-9568-6A10515CE468}.Debug|Any CPU.ActiveCfg = Debug|Any CPU
		{104CA772-6EB3-4B66-9568-6A10515CE468}.Debug|Any CPU.Build.0 = Debug|Any CPU
		{104CA772-6EB3-4B66-9568-6A10515CE468}.Release|Any CPU.ActiveCfg = Release|Any CPU
		{104CA772-6EB3-4B66-9568-6A10515CE468}.Release|Any CPU.Build.0 = Release|Any CPU
		{D1CFE112-731F-4AFA-BE85-81708871F162}.Debug|Any CPU.ActiveCfg = Debug|Any CPU
		{D1CFE112-731F-4AFA-BE85-81708871F162}.Debug|Any CPU.Build.0 = Debug|Any CPU
		{D1CFE112-731F-4AFA-BE85-81708871F162}.Release|Any CPU.ActiveCfg = Release|Any CPU
		{D1CFE112-731F-4AFA-BE85-81708871F162}.Release|Any CPU.Build.0 = Release|Any CPU
	EndGlobalSection
	GlobalSection(SolutionProperties) = preSolution
		HideSolutionNode = FALSE
	EndGlobalSection
	GlobalSection(ExtensibilityGlobals) = postSolution
		SolutionGuid = {B09BE4E0-986D-404E-B810-EB951EEA0A71}
	EndGlobalSection
EndGlobal
