
Microsoft Visual Studio Solution File, Format Version 12.00
# Visual Studio Version 17
VisualStudioVersion = 17.8.34322.80
MinimumVisualStudioVersion = 10.0.40219.1
Project("{FAE04EC0-301F-11D3-BF4B-00C04F79EFBC}") = "Hackeru_Student_Teacher.ClientWPF", "Hackeru_Student_Teacher.ClientWPF\Hackeru_Student_Teacher.ClientWPF.csproj", "{104CA772-6EB3-4B66-9568-6A10515CE468}"
EndProject
Global
	GlobalSection(SolutionConfigurationPlatforms) = preSolution
		Debug|Any CPU = Debug|Any CPU
		Release|Any CPU = Release|Any CPU
	EndGlobalSection
	GlobalSection(ProjectConfigurationPlatforms) = postSolution
		{104CA772-6EB3-4B66-9568-6A10515CE468}.Debug|Any CPU.ActiveCfg = Debug|Any CPU
		{104CA772-6EB3-4B66-9568-6A10515CE468}.Debug|Any CPU.Build.0 = Debug|Any CPU
		{104CA772-6EB3-4B66-9568-6A10515CE468}.Release|Any CPU.ActiveCfg = Release|Any CPU
		{104CA772-6EB3-4B66-9568-6A10515CE468}.Release|Any CPU.Build.0 = Release|Any CPU
	EndGlobalSection
	GlobalSection(SolutionProperties) = preSolution
		HideSolutionNode = FALSE
	EndGlobalSection
	GlobalSection(ExtensibilityGlobals) = postSolution
		SolutionGuid = {B09BE4E0-986D-404E-B810-EB951EEA0A71}
	EndGlobalSection
EndGlobal
